// !$*UTF8*$!
{
	archiveVersion = 1;
	classes = {
	};
	objectVersion = 77;
	objects = {

/* Begin PBXBuildFile section */
		A430519B2DA9F4D900589C3D /* Dependencies in Frameworks */ = {isa = PBXBuildFile; productRef = A430519A2DA9F4D900589C3D /* Dependencies */; };
		A430519D2DA9F4D900589C3D /* DependenciesMacros in Frameworks */ = {isa = PBXBuildFile; productRef = A430519C2DA9F4D900589C3D /* DependenciesMacros */; };
/* End PBXBuildFile section */

/* Begin PBXContainerItemProxy section */
		A43051722DA9E37200589C3D /* PBXContainerItemProxy */ = {
			isa = PBXContainerItemProxy;
			containerPortal = A43051592DA9E36F00589C3D /* Project object */;
			proxyType = 1;
			remoteGlobalIDString = A43051602DA9E36F00589C3D;
			remoteInfo = "Crypto-IOS";
		};
		A430517C2DA9E37200589C3D /* PBXContainerItemProxy */ = {
			isa = PBXContainerItemProxy;
			containerPortal = A43051592DA9E36F00589C3D /* Project object */;
			proxyType = 1;
			remoteGlobalIDString = A43051602DA9E36F00589C3D;
			remoteInfo = "Crypto-IOS";
		};
/* End PBXContainerItemProxy section */

/* Begin PBXFileReference section */
		A43051612DA9E36F00589C3D /* Crypto-IOS.app */ = {isa = PBXFileReference; explicitFileType = wrapper.application; includeInIndex = 0; path = "Crypto-IOS.app"; sourceTree = BUILT_PRODUCTS_DIR; };
		A43051712DA9E37200589C3D /* Crypto-IOSTests.xctest */ = {isa = PBXFileReference; explicitFileType = wrapper.cfbundle; includeInIndex = 0; path = "Crypto-IOSTests.xctest"; sourceTree = BUILT_PRODUCTS_DIR; };
		A430517B2DA9E37200589C3D /* Crypto-IOSUITests.xctest */ = {isa = PBXFileReference; explicitFileType = wrapper.cfbundle; includeInIndex = 0; path = "Crypto-IOSUITests.xctest"; sourceTree = BUILT_PRODUCTS_DIR; };
/* End PBXFileReference section */

/* Begin PBXFileSystemSynchronizedRootGroup section */
		A43051632DA9E36F00589C3D /* Crypto-IOS */ = {
			isa = PBXFileSystemSynchronizedRootGroup;
			path = "Crypto-IOS";
			sourceTree = "<group>";
		};
		A43051742DA9E37200589C3D /* Crypto-IOSTests */ = {
			isa = PBXFileSystemSynchronizedRootGroup;
			path = "Crypto-IOSTests";
			sourceTree = "<group>";
		};
		A430517E2DA9E37200589C3D /* Crypto-IOSUITests */ = {
			isa = PBXFileSystemSynchronizedRootGroup;
			path = "Crypto-IOSUITests";
			sourceTree = "<group>";
		};
/* End PBXFileSystemSynchronizedRootGroup section */

/* Begin PBXFrameworksBuildPhase section */
		A430515E2DA9E36F00589C3D /* Frameworks */ = {
			isa = PBXFrameworksBuildPhase;
			buildActionMask = 2147483647;
			files = (
				A430519D2DA9F4D900589C3D /* DependenciesMacros in Frameworks */,
				A430519B2DA9F4D900589C3D /* Dependencies in Frameworks */,
			);
			runOnlyForDeploymentPostprocessing = 0;
		};
		A430516E2DA9E37200589C3D /* Frameworks */ = {
			isa = PBXFrameworksBuildPhase;
			buildActionMask = 2147483647;
			files = (
			);
			runOnlyForDeploymentPostprocessing = 0;
		};
		A43051782DA9E37200589C3D /* Frameworks */ = {
			isa = PBXFrameworksBuildPhase;
			buildActionMask = 2147483647;
			files = (
			);
			runOnlyForDeploymentPostprocessing = 0;
		};
/* End PBXFrameworksBuildPhase section */

/* Begin PBXGroup section */
		A43051582DA9E36F00589C3D = {
			isa = PBXGroup;
			children = (
				A43051632DA9E36F00589C3D /* Crypto-IOS */,
				A43051742DA9E37200589C3D /* Crypto-IOSTests */,
				A430517E2DA9E37200589C3D /* Crypto-IOSUITests */,
				A43051622DA9E36F00589C3D /* Products */,
			);
			sourceTree = "<group>";
		};
		A43051622DA9E36F00589C3D /* Products */ = {
			isa = PBXGroup;
			children = (
				A43051612DA9E36F00589C3D /* Crypto-IOS.app */,
				A43051712DA9E37200589C3D /* Crypto-IOSTests.xctest */,
				A430517B2DA9E37200589C3D /* Crypto-IOSUITests.xctest */,
			);
			name = Products;
			sourceTree = "<group>";
		};
/* End PBXGroup section */

/* Begin PBXNativeTarget section */
		A43051602DA9E36F00589C3D /* Crypto-IOS */ = {
			isa = PBXNativeTarget;
			buildConfigurationList = A43051852DA9E37200589C3D /* Build configuration list for PBXNativeTarget "Crypto-IOS" */;
			buildPhases = (
				A430515D2DA9E36F00589C3D /* Sources */,
				A430515E2DA9E36F00589C3D /* Frameworks */,
				A430515F2DA9E36F00589C3D /* Resources */,
			);
			buildRules = (
			);
			dependencies = (
			);
			fileSystemSynchronizedGroups = (
				A43051632DA9E36F00589C3D /* Crypto-IOS */,
			);
			name = "Crypto-IOS";
			packageProductDependencies = (
				A430519A2DA9F4D900589C3D /* Dependencies */,
				A430519C2DA9F4D900589C3D /* DependenciesMacros */,
			);
			productName = "Crypto-IOS";
			productReference = A43051612DA9E36F00589C3D /* Crypto-IOS.app */;
			productType = "com.apple.product-type.application";
		};
		A43051702DA9E37200589C3D /* Crypto-IOSTests */ = {
			isa = PBXNativeTarget;
			buildConfigurationList = A43051882DA9E37200589C3D /* Build configuration list for PBXNativeTarget "Crypto-IOSTests" */;
			buildPhases = (
				A430516D2DA9E37200589C3D /* Sources */,
				A430516E2DA9E37200589C3D /* Frameworks */,
				A430516F2DA9E37200589C3D /* Resources */,
			);
			buildRules = (
			);
			dependencies = (
				A43051732DA9E37200589C3D /* PBXTargetDependency */,
			);
			fileSystemSynchronizedGroups = (
				A43051742DA9E37200589C3D /* Crypto-IOSTests */,
			);
			name = "Crypto-IOSTests";
			packageProductDependencies = (
			);
			productName = "Crypto-IOSTests";
			productReference = A43051712DA9E37200589C3D /* Crypto-IOSTests.xctest */;
			productType = "com.apple.product-type.bundle.unit-test";
		};
		A430517A2DA9E37200589C3D /* Crypto-IOSUITests */ = {
			isa = PBXNativeTarget;
			buildConfigurationList = A430518B2DA9E37200589C3D /* Build configuration list for PBXNativeTarget "Crypto-IOSUITests" */;
			buildPhases = (
				A43051772DA9E37200589C3D /* Sources */,
				A43051782DA9E37200589C3D /* Frameworks */,
				A43051792DA9E37200589C3D /* Resources */,
			);
			buildRules = (
			);
			dependencies = (
				A430517D2DA9E37200589C3D /* PBXTargetDependency */,
			);
			fileSystemSynchronizedGroups = (
				A430517E2DA9E37200589C3D /* Crypto-IOSUITests */,
			);
			name = "Crypto-IOSUITests";
			packageProductDependencies = (
			);
			productName = "Crypto-IOSUITests";
			productReference = A430517B2DA9E37200589C3D /* Crypto-IOSUITests.xctest */;
			productType = "com.apple.product-type.bundle.ui-testing";
		};
/* End PBXNativeTarget section */

/* Begin PBXProject section */
		A43051592DA9E36F00589C3D /* Project object */ = {
			isa = PBXProject;
			attributes = {
				BuildIndependentTargetsInParallel = 1;
				LastSwiftUpdateCheck = 1620;
				LastUpgradeCheck = 1620;
				TargetAttributes = {
					A43051602DA9E36F00589C3D = {
						CreatedOnToolsVersion = 16.2;
					};
					A43051702DA9E37200589C3D = {
						CreatedOnToolsVersion = 16.2;
						TestTargetID = A43051602DA9E36F00589C3D;
					};
					A430517A2DA9E37200589C3D = {
						CreatedOnToolsVersion = 16.2;
						TestTargetID = A43051602DA9E36F00589C3D;
					};
				};
			};
			buildConfigurationList = A430515C2DA9E36F00589C3D /* Build configuration list for PBXProject "Crypto-IOS" */;
			developmentRegion = en;
			hasScannedForEncodings = 0;
			knownRegions = (
				en,
				Base,
			);
			mainGroup = A43051582DA9E36F00589C3D;
			minimizedProjectReferenceProxies = 1;
			packageReferences = (
				A43051992DA9F4D900589C3D /* XCRemoteSwiftPackageReference "swift-dependencies" */,
			);
			preferredProjectObjectVersion = 77;
			productRefGroup = A43051622DA9E36F00589C3D /* Products */;
			projectDirPath = "";
			projectRoot = "";
			targets = (
				A43051602DA9E36F00589C3D /* Crypto-IOS */,
				A43051702DA9E37200589C3D /* Crypto-IOSTests */,
				A430517A2DA9E37200589C3D /* Crypto-IOSUITests */,
			);
		};
/* End PBXProject section */

/* Begin PBXResourcesBuildPhase section */
		A430515F2DA9E36F00589C3D /* Resources */ = {
			isa = PBXResourcesBuildPhase;
			buildActionMask = 2147483647;
			files = (
			);
			runOnlyForDeploymentPostprocessing = 0;
		};
		A430516F2DA9E37200589C3D /* Resources */ = {
			isa = PBXResourcesBuildPhase;
			buildActionMask = 2147483647;
			files = (
			);
			runOnlyForDeploymentPostprocessing = 0;
		};
		A43051792DA9E37200589C3D /* Resources */ = {
			isa = PBXResourcesBuildPhase;
			buildActionMask = 2147483647;
			files = (
			);
			runOnlyForDeploymentPostprocessing = 0;
		};
/* End PBXResourcesBuildPhase section */

/* Begin PBXSourcesBuildPhase section */
		A430515D2DA9E36F00589C3D /* Sources */ = {
			isa = PBXSourcesBuildPhase;
			buildActionMask = 2147483647;
			files = (
			);
			runOnlyForDeploymentPostprocessing = 0;
		};
		A430516D2DA9E37200589C3D /* Sources */ = {
			isa = PBXSourcesBuildPhase;
			buildActionMask = 2147483647;
			files = (
			);
			runOnlyForDeploymentPostprocessing = 0;
		};
		A43051772DA9E37200589C3D /* Sources */ = {
			isa = PBXSourcesBuildPhase;
			buildActionMask = 2147483647;
			files = (
			);
			runOnlyForDeploymentPostprocessing = 0;
		};
/* End PBXSourcesBuildPhase section */

/* Begin PBXTargetDependency section */
		A43051732DA9E37200589C3D /* PBXTargetDependency */ = {
			isa = PBXTargetDependency;
			target = A43051602DA9E36F00589C3D /* Crypto-IOS */;
			targetProxy = A43051722DA9E37200589C3D /* PBXContainerItemProxy */;
		};
		A430517D2DA9E37200589C3D /* PBXTargetDependency */ = {
			isa = PBXTargetDependency;
			target = A43051602DA9E36F00589C3D /* Crypto-IOS */;
			targetProxy = A430517C2DA9E37200589C3D /* PBXContainerItemProxy */;
		};
/* End PBXTargetDependency section */

/* Begin XCBuildConfiguration section */
		A43051832DA9E37200589C3D /* Debug */ = {
			isa = XCBuildConfiguration;
			buildSettings = {
				ALWAYS_SEARCH_USER_PATHS = NO;
				ASSETCATALOG_COMPILER_GENERATE_SWIFT_ASSET_SYMBOL_EXTENSIONS = YES;
				CLANG_ANALYZER_NONNULL = YES;
				CLANG_ANALYZER_NUMBER_OBJECT_CONVERSION = YES_AGGRESSIVE;
				CLANG_CXX_LANGUAGE_STANDARD = "gnu++20";
				CLANG_ENABLE_MODULES = YES;
				CLANG_ENABLE_OBJC_ARC = YES;
				CLANG_ENABLE_OBJC_WEAK = YES;
				CLANG_WARN_BLOCK_CAPTURE_AUTORELEASING = YES;
				CLANG_WARN_BOOL_CONVERSION = YES;
				CLANG_WARN_COMMA = YES;
				CLANG_WARN_CONSTANT_CONVERSION = YES;
				CLANG_WARN_DEPRECATED_OBJC_IMPLEMENTATIONS = YES;
				CLANG_WARN_DIRECT_OBJC_ISA_USAGE = YES_ERROR;
				CLANG_WARN_DOCUMENTATION_COMMENTS = YES;
				CLANG_WARN_EMPTY_BODY = YES;
				CLANG_WARN_ENUM_CONVERSION = YES;
				CLANG_WARN_INFINITE_RECURSION = YES;
				CLANG_WARN_INT_CONVERSION = YES;
				CLANG_WARN_NON_LITERAL_NULL_CONVERSION = YES;
				CLANG_WARN_OBJC_IMPLICIT_RETAIN_SELF = YES;
				CLANG_WARN_OBJC_LITERAL_CONVERSION = YES;
				CLANG_WARN_OBJC_ROOT_CLASS = YES_ERROR;
				CLANG_WARN_QUOTED_INCLUDE_IN_FRAMEWORK_HEADER = YES;
				CLANG_WARN_RANGE_LOOP_ANALYSIS = YES;
				CLANG_WARN_STRICT_PROTOTYPES = YES;
				CLANG_WARN_SUSPICIOUS_MOVE = YES;
				CLANG_WARN_UNGUARDED_AVAILABILITY = YES_AGGRESSIVE;
				CLANG_WARN_UNREACHABLE_CODE = YES;
				CLANG_WARN__DUPLICATE_METHOD_MATCH = YES;
				COPY_PHASE_STRIP = NO;
				DEBUG_INFORMATION_FORMAT = dwarf;
				ENABLE_STRICT_OBJC_MSGSEND = YES;
				ENABLE_TESTABILITY = YES;
				ENABLE_USER_SCRIPT_SANDBOXING = YES;
				GCC_C_LANGUAGE_STANDARD = gnu17;
				GCC_DYNAMIC_NO_PIC = NO;
				GCC_NO_COMMON_BLOCKS = YES;
				GCC_OPTIMIZATION_LEVEL = 0;
				GCC_PREPROCESSOR_DEFINITIONS = (
					"DEBUG=1",
					"$(inherited)",
				);
				GCC_WARN_64_TO_32_BIT_CONVERSION = YES;
				GCC_WARN_ABOUT_RETURN_TYPE = YES_ERROR;
				GCC_WARN_UNDECLARED_SELECTOR = YES;
				GCC_WARN_UNINITIALIZED_AUTOS = YES_AGGRESSIVE;
				GCC_WARN_UNUSED_FUNCTION = YES;
				GCC_WARN_UNUSED_VARIABLE = YES;
				IPHONEOS_DEPLOYMENT_TARGET = 18.2;
				LOCALIZATION_PREFERS_STRING_CATALOGS = YES;
				MTL_ENABLE_DEBUG_INFO = INCLUDE_SOURCE;
				MTL_FAST_MATH = YES;
				ONLY_ACTIVE_ARCH = YES;
				SDKROOT = iphoneos;
				SWIFT_ACTIVE_COMPILATION_CONDITIONS = "DEBUG $(inherited)";
				SWIFT_OPTIMIZATION_LEVEL = "-Onone";
			};
			name = Debug;
		};
		A43051842DA9E37200589C3D /* Release */ = {
			isa = XCBuildConfiguration;
			buildSettings = {
				ALWAYS_SEARCH_USER_PATHS = NO;
				ASSETCATALOG_COMPILER_GENERATE_SWIFT_ASSET_SYMBOL_EXTENSIONS = YES;
				CLANG_ANALYZER_NONNULL = YES;
				CLANG_ANALYZER_NUMBER_OBJECT_CONVERSION = YES_AGGRESSIVE;
				CLANG_CXX_LANGUAGE_STANDARD = "gnu++20";
				CLANG_ENABLE_MODULES = YES;
				CLANG_ENABLE_OBJC_ARC = YES;
				CLANG_ENABLE_OBJC_WEAK = YES;
				CLANG_WARN_BLOCK_CAPTURE_AUTORELEASING = YES;
				CLANG_WARN_BOOL_CONVERSION = YES;
				CLANG_WARN_COMMA = YES;
				CLANG_WARN_CONSTANT_CONVERSION = YES;
				CLANG_WARN_DEPRECATED_OBJC_IMPLEMENTATIONS = YES;
				CLANG_WARN_DIRECT_OBJC_ISA_USAGE = YES_ERROR;
				CLANG_WARN_DOCUMENTATION_COMMENTS = YES;
				CLANG_WARN_EMPTY_BODY = YES;
				CLANG_WARN_ENUM_CONVERSION = YES;
				CLANG_WARN_INFINITE_RECURSION = YES;
				CLANG_WARN_INT_CONVERSION = YES;
				CLANG_WARN_NON_LITERAL_NULL_CONVERSION = YES;
				CLANG_WARN_OBJC_IMPLICIT_RETAIN_SELF = YES;
				CLANG_WARN_OBJC_LITERAL_CONVERSION = YES;
				CLANG_WARN_OBJC_ROOT_CLASS = YES_ERROR;
				CLANG_WARN_QUOTED_INCLUDE_IN_FRAMEWORK_HEADER = YES;
				CLANG_WARN_RANGE_LOOP_ANALYSIS = YES;
				CLANG_WARN_STRICT_PROTOTYPES = YES;
				CLANG_WARN_SUSPICIOUS_MOVE = YES;
				CLANG_WARN_UNGUARDED_AVAILABILITY = YES_AGGRESSIVE;
				CLANG_WARN_UNREACHABLE_CODE = YES;
				CLANG_WARN__DUPLICATE_METHOD_MATCH = YES;
				COPY_PHASE_STRIP = NO;
				DEBUG_INFORMATION_FORMAT = "dwarf-with-dsym";
				ENABLE_NS_ASSERTIONS = NO;
				ENABLE_STRICT_OBJC_MSGSEND = YES;
				ENABLE_USER_SCRIPT_SANDBOXING = YES;
				GCC_C_LANGUAGE_STANDARD = gnu17;
				GCC_NO_COMMON_BLOCKS = YES;
				GCC_WARN_64_TO_32_BIT_CONVERSION = YES;
				GCC_WARN_ABOUT_RETURN_TYPE = YES_ERROR;
				GCC_WARN_UNDECLARED_SELECTOR = YES;
				GCC_WARN_UNINITIALIZED_AUTOS = YES_AGGRESSIVE;
				GCC_WARN_UNUSED_FUNCTION = YES;
				GCC_WARN_UNUSED_VARIABLE = YES;
				IPHONEOS_DEPLOYMENT_TARGET = 18.2;
				LOCALIZATION_PREFERS_STRING_CATALOGS = YES;
				MTL_ENABLE_DEBUG_INFO = NO;
				MTL_FAST_MATH = YES;
				SDKROOT = iphoneos;
				SWIFT_COMPILATION_MODE = wholemodule;
				VALIDATE_PRODUCT = YES;
			};
			name = Release;
		};
		A43051862DA9E37200589C3D /* Debug */ = {
			isa = XCBuildConfiguration;
			buildSettings = {
				ASSETCATALOG_COMPILER_APPICON_NAME = AppIcon;
				ASSETCATALOG_COMPILER_GLOBAL_ACCENT_COLOR_NAME = AccentColor;
				CODE_SIGN_STYLE = Automatic;
				CURRENT_PROJECT_VERSION = 1;
				DEVELOPMENT_ASSET_PATHS = "\"Crypto-IOS/Preview Content\"";
				ENABLE_PREVIEWS = YES;
				GENERATE_INFOPLIST_FILE = YES;
				INFOPLIST_KEY_UIApplicationSceneManifest_Generation = YES;
				INFOPLIST_KEY_UIApplicationSupportsIndirectInputEvents = YES;
				INFOPLIST_KEY_UILaunchScreen_Generation = YES;
				INFOPLIST_KEY_UISupportedInterfaceOrientations_iPad = "UIInterfaceOrientationPortrait UIInterfaceOrientationPortraitUpsideDown UIInterfaceOrientationLandscapeLeft UIInterfaceOrientationLandscapeRight";
				INFOPLIST_KEY_UISupportedInterfaceOrientations_iPhone = "UIInterfaceOrientationPortrait UIInterfaceOrientationLandscapeLeft UIInterfaceOrientationLandscapeRight";
				LD_RUNPATH_SEARCH_PATHS = (
					"$(inherited)",
					"@executable_path/Frameworks",
				);
				MARKETING_VERSION = 1.0;
				PRODUCT_BUNDLE_IDENTIFIER = "com.manu1303.Crypto-IOS";
				PRODUCT_NAME = "$(TARGET_NAME)";
				SWIFT_EMIT_LOC_STRINGS = YES;
				SWIFT_VERSION = 5.0;
				TARGETED_DEVICE_FAMILY = "1,2";
			};
			name = Debug;
		};
		A43051872DA9E37200589C3D /* Release */ = {
			isa = XCBuildConfiguration;
			buildSettings = {
				ASSETCATALOG_COMPILER_APPICON_NAME = AppIcon;
				ASSETCATALOG_COMPILER_GLOBAL_ACCENT_COLOR_NAME = AccentColor;
				CODE_SIGN_STYLE = Automatic;
				CURRENT_PROJECT_VERSION = 1;
				DEVELOPMENT_ASSET_PATHS = "\"Crypto-IOS/Preview Content\"";
				ENABLE_PREVIEWS = YES;
				GENERATE_INFOPLIST_FILE = YES;
				INFOPLIST_KEY_UIApplicationSceneManifest_Generation = YES;
				INFOPLIST_KEY_UIApplicationSupportsIndirectInputEvents = YES;
				INFOPLIST_KEY_UILaunchScreen_Generation = YES;
				INFOPLIST_KEY_UISupportedInterfaceOrientations_iPad = "UIInterfaceOrientationPortrait UIInterfaceOrientationPortraitUpsideDown UIInterfaceOrientationLandscapeLeft UIInterfaceOrientationLandscapeRight";
				INFOPLIST_KEY_UISupportedInterfaceOrientations_iPhone = "UIInterfaceOrientationPortrait UIInterfaceOrientationLandscapeLeft UIInterfaceOrientationLandscapeRight";
				LD_RUNPATH_SEARCH_PATHS = (
					"$(inherited)",
					"@executable_path/Frameworks",
				);
				MARKETING_VERSION = 1.0;
				PRODUCT_BUNDLE_IDENTIFIER = "com.manu1303.Crypto-IOS";
				PRODUCT_NAME = "$(TARGET_NAME)";
				SWIFT_EMIT_LOC_STRINGS = YES;
				SWIFT_VERSION = 5.0;
				TARGETED_DEVICE_FAMILY = "1,2";
			};
			name = Release;
		};
		A43051892DA9E37200589C3D /* Debug */ = {
			isa = XCBuildConfiguration;
			buildSettings = {
				BUNDLE_LOADER = "$(TEST_HOST)";
				CODE_SIGN_STYLE = Automatic;
				CURRENT_PROJECT_VERSION = 1;
				GENERATE_INFOPLIST_FILE = YES;
				IPHONEOS_DEPLOYMENT_TARGET = 18.2;
				MARKETING_VERSION = 1.0;
				PRODUCT_BUNDLE_IDENTIFIER = "com.manu1303.Crypto-IOSTests";
				PRODUCT_NAME = "$(TARGET_NAME)";
				SWIFT_EMIT_LOC_STRINGS = NO;
				SWIFT_VERSION = 5.0;
				TARGETED_DEVICE_FAMILY = "1,2";
				TEST_HOST = "$(BUILT_PRODUCTS_DIR)/Crypto-IOS.app/$(BUNDLE_EXECUTABLE_FOLDER_PATH)/Crypto-IOS";
			};
			name = Debug;
		};
		A430518A2DA9E37200589C3D /* Release */ = {
			isa = XCBuildConfiguration;
			buildSettings = {
				BUNDLE_LOADER = "$(TEST_HOST)";
				CODE_SIGN_STYLE = Automatic;
				CURRENT_PROJECT_VERSION = 1;
				GENERATE_INFOPLIST_FILE = YES;
				IPHONEOS_DEPLOYMENT_TARGET = 18.2;
				MARKETING_VERSION = 1.0;
				PRODUCT_BUNDLE_IDENTIFIER = "com.manu1303.Crypto-IOSTests";
				PRODUCT_NAME = "$(TARGET_NAME)";
				SWIFT_EMIT_LOC_STRINGS = NO;
				SWIFT_VERSION = 5.0;
				TARGETED_DEVICE_FAMILY = "1,2";
				TEST_HOST = "$(BUILT_PRODUCTS_DIR)/Crypto-IOS.app/$(BUNDLE_EXECUTABLE_FOLDER_PATH)/Crypto-IOS";
			};
			name = Release;
		};
		A430518C2DA9E37200589C3D /* Debug */ = {
			isa = XCBuildConfiguration;
			buildSettings = {
				CODE_SIGN_STYLE = Automatic;
				CURRENT_PROJECT_VERSION = 1;
				GENERATE_INFOPLIST_FILE = YES;
				MARKETING_VERSION = 1.0;
				PRODUCT_BUNDLE_IDENTIFIER = "com.manu1303.Crypto-IOSUITests";
				PRODUCT_NAME = "$(TARGET_NAME)";
				SWIFT_EMIT_LOC_STRINGS = NO;
				SWIFT_VERSION = 5.0;
				TARGETED_DEVICE_FAMILY = "1,2";
				TEST_TARGET_NAME = "Crypto-IOS";
			};
			name = Debug;
		};
		A430518D2DA9E37200589C3D /* Release */ = {
			isa = XCBuildConfiguration;
			buildSettings = {
				CODE_SIGN_STYLE = Automatic;
				CURRENT_PROJECT_VERSION = 1;
				GENERATE_INFOPLIST_FILE = YES;
				MARKETING_VERSION = 1.0;
				PRODUCT_BUNDLE_IDENTIFIER = "com.manu1303.Crypto-IOSUITests";
				PRODUCT_NAME = "$(TARGET_NAME)";
				SWIFT_EMIT_LOC_STRINGS = NO;
				SWIFT_VERSION = 5.0;
				TARGETED_DEVICE_FAMILY = "1,2";
				TEST_TARGET_NAME = "Crypto-IOS";
			};
			name = Release;
		};
/* End XCBuildConfiguration section */

/* Begin XCConfigurationList section */
		A430515C2DA9E36F00589C3D /* Build configuration list for PBXProject "Crypto-IOS" */ = {
			isa = XCConfigurationList;
			buildConfigurations = (
				A43051832DA9E37200589C3D /* Debug */,
				A43051842DA9E37200589C3D /* Release */,
			);
			defaultConfigurationIsVisible = 0;
			defaultConfigurationName = Release;
		};
		A43051852DA9E37200589C3D /* Build configuration list for PBXNativeTarget "Crypto-IOS" */ = {
			isa = XCConfigurationList;
			buildConfigurations = (
				A43051862DA9E37200589C3D /* Debug */,
				A43051872DA9E37200589C3D /* Release */,
			);
			defaultConfigurationIsVisible = 0;
			defaultConfigurationName = Release;
		};
		A43051882DA9E37200589C3D /* Build configuration list for PBXNativeTarget "Crypto-IOSTests" */ = {
			isa = XCConfigurationList;
			buildConfigurations = (
				A43051892DA9E37200589C3D /* Debug */,
				A430518A2DA9E37200589C3D /* Release */,
			);
			defaultConfigurationIsVisible = 0;
			defaultConfigurationName = Release;
		};
		A430518B2DA9E37200589C3D /* Build configuration list for PBXNativeTarget "Crypto-IOSUITests" */ = {
			isa = XCConfigurationList;
			buildConfigurations = (
				A430518C2DA9E37200589C3D /* Debug */,
				A430518D2DA9E37200589C3D /* Release */,
			);
			defaultConfigurationIsVisible = 0;
			defaultConfigurationName = Release;
		};
/* End XCConfigurationList section */

/* Begin XCRemoteSwiftPackageReference section */
		A43051992DA9F4D900589C3D /* XCRemoteSwiftPackageReference "swift-dependencies" */ = {
			isa = XCRemoteSwiftPackageReference;
			repositoryURL = "https://github.com/pointfreeco/swift-dependencies.git";
			requirement = {
				kind = upToNextMajorVersion;
				minimumVersion = 1.9.1;
			};
		};
/* End XCRemoteSwiftPackageReference section */

/* Begin XCSwiftPackageProductDependency section */
		A430519A2DA9F4D900589C3D /* Dependencies */ = {
			isa = XCSwiftPackageProductDependency;
			package = A43051992DA9F4D900589C3D /* XCRemoteSwiftPackageReference "swift-dependencies" */;
			productName = Dependencies;
		};
		A430519C2DA9F4D900589C3D /* DependenciesMacros */ = {
			isa = XCSwiftPackageProductDependency;
			package = A43051992DA9F4D900589C3D /* XCRemoteSwiftPackageReference "swift-dependencies" */;
			productName = DependenciesMacros;
		};
/* End XCSwiftPackageProductDependency section */
	};
	rootObject = A43051592DA9E36F00589C3D /* Project object */;
}
